{
  "object": {
    "pins": [
      {
        "package": "CorbusierLang",
        "repositoryURL": "https://github.com/corbusier-lang/CorbusierLang.git",
        "state": {
          "branch": "master",
          "revision": "2134d8f702828a97c0dcf5f6dee5ca7a4d924ff0",
          "version": null
        }
      },
      {
        "package": "CoreCorbusier",
        "repositoryURL": "https://github.com/corbusier-lang/CoreCorbusier.git",
        "state": {
          "branch": "master",
          "revision": "3e54a316e90202334065c5041159f85e9bf03e38",
          "version": null
        }
      }
    ]
  },
  "version": 1
}
